// !$*UTF8*$!
{
	archiveVersion = 1;
	classes = {
	};
	objectVersion = 46;
	objects = {
/* Begin PBXBuildFile section */
		0207DA581B56EA530066E2B4 /* Images.xcassets in Resources */ = {isa = PBXBuildFile; fileRef = 0207DA571B56EA530066E2B4 /* Images.xcassets */; };
		05A771FBD8F248F6BE2CA535 /* PluginRTCDataChannel.swift in Sources */ = {isa = PBXBuildFile; fileRef = FBD9BAF5E588465DA7DDA810 /* PluginRTCDataChannel.swift */; };
		0F3641F28B50459BAA34CB36 /* libstdc++.dylib in Frameworks */ = {isa = PBXBuildFile; fileRef = 36A5D939AC784925B0145368 /* libstdc++.dylib */; };
		1541CA7726024A0A9B8D871B /* AudioToolbox.framework in Frameworks */ = {isa = PBXBuildFile; fileRef = B5970E2629DC48AEAB720060 /* AudioToolbox.framework */; };
		17445D8E1D6B4886B9828097 /* CoreVideo.framework in Frameworks */ = {isa = PBXBuildFile; fileRef = E9C168A2873348658C4D974D /* CoreVideo.framework */; };
		1C6CF8A791CC427FA545EEBE /* PluginRTCPeerConnectionConfig.swift in Sources */ = {isa = PBXBuildFile; fileRef = B7442BA12F994D4BA8A1199D /* PluginRTCPeerConnectionConfig.swift */; };
		1D3623260D0F684500981E51 /* AppDelegate.m in Sources */ = {isa = PBXBuildFile; fileRef = 1D3623250D0F684500981E51 /* AppDelegate.m */; };
		1D60589B0D05DD56006BFB54 /* main.m in Sources */ = {isa = PBXBuildFile; fileRef = 29B97316FDCFA39411CA2CEA /* main.m */; };
		301BF552109A68D80062928A /* libCordova.a in Frameworks */ = {isa = PBXBuildFile; fileRef = 301BF535109A57CC0062928A /* libCordova.a */; };
		302D95F114D2391D003F00A1 /* MainViewController.m in Sources */ = {isa = PBXBuildFile; fileRef = 302D95EF14D2391D003F00A1 /* MainViewController.m */; };
		302D95F214D2391D003F00A1 /* MainViewController.xib in Resources */ = {isa = PBXBuildFile; fileRef = 302D95F014D2391D003F00A1 /* MainViewController.xib */; };
		30D9AF666C574ECFAD8FF149 /* libsqlite3.0.dylib in Frameworks */ = {isa = PBXBuildFile; fileRef = F8AF33C8212745D3AE534C4D /* libsqlite3.0.dylib */; };
		3CF2A639FC5942AFADF6EF5F /* PluginGetUserMedia.swift in Sources */ = {isa = PBXBuildFile; fileRef = 9ECCC8DED7BA4F089D392EE3 /* PluginGetUserMedia.swift */; };
		3EFAE1769DF4441E8F8FB0AD /* libWebRTC-LATEST-Universal-Release.a in Frameworks */ = {isa = PBXBuildFile; fileRef = A42590053DF949179A341CC2 /* libWebRTC-LATEST-Universal-Release.a */; };
		40B7A4F40E51479F9AC6ABA2 /* CoreLocation.framework in Frameworks */ = {isa = PBXBuildFile; fileRef = 831B8D768A1B42BAB4D9D40F /* CoreLocation.framework */; };
		46FD450236574D1281C83401 /* PluginUtils.swift in Sources */ = {isa = PBXBuildFile; fileRef = 2816DD27F8A44C8E97D6AB6E /* PluginUtils.swift */; };
		478E23E0EE7F47DCB8016227 /* iosrtcPlugin.swift in Sources */ = {isa = PBXBuildFile; fileRef = 47215BDA0C9E45B2BA5DC1F9 /* iosrtcPlugin.swift */; };
		4BBA41FB422147AEAD0F66C3 /* OpenGLES.framework in Frameworks */ = {isa = PBXBuildFile; fileRef = 707BC7BB3715438EBCB86C60 /* OpenGLES.framework */; };
		5A5D20FB824248C8AF45A391 /* PluginRTCPeerConnectionConstraints.swift in Sources */ = {isa = PBXBuildFile; fileRef = E6CD55F589424A2494DCB57B /* PluginRTCPeerConnectionConstraints.swift */; };
		690A867F80C848AB96444E62 /* VideoToolbox.framework in Frameworks */ = {isa = PBXBuildFile; fileRef = 9EB9F2A9BC044BF99E2CE2A7 /* VideoToolbox.framework */; };
		6AD36EE83A77465CA198B266 /* AVFoundation.framework in Frameworks */ = {isa = PBXBuildFile; fileRef = 4D673F152122401BADD6ECFF /* AVFoundation.framework */; };
		6AFF5BF91D6E424B00AB3073 /* CDVLaunchScreen.storyboard in Resources */ = {isa = PBXBuildFile; fileRef = 6AFF5BF81D6E424B00AB3073 /* CDVLaunchScreen.storyboard */; };
		6BCC0423EBEC4379A8D29E0A /* CDVDevice.m in Sources */ = {isa = PBXBuildFile; fileRef = D40E4041700F44078E3F58F7 /* CDVDevice.m */; };
		6D1954F41B4E439A973B0CFA /* PluginRTCPeerConnection.swift in Sources */ = {isa = PBXBuildFile; fileRef = 9DD56A373DE34B6A9523744F /* PluginRTCPeerConnection.swift */; };
		787F97B9053D47DC8D36EEF5 /* libz.tbd in Frameworks */ = {isa = PBXBuildFile; fileRef = 6A1B91613B31468BABF5F356 /* libz.tbd */; };
		80998FF7B2A343E586228F2D /* PluginEnumerateDevices.swift in Sources */ = {isa = PBXBuildFile; fileRef = F9095595AC6B4909B78EF71E /* PluginEnumerateDevices.swift */; };
		8EC38903D70748DDB1166F72 /* QuartzCore.framework in Frameworks */ = {isa = PBXBuildFile; fileRef = C3CF5373240745AEAEE66367 /* QuartzCore.framework */; };
		96C7B514A60A448A89B93A19 /* PluginMediaStreamTrack.swift in Sources */ = {isa = PBXBuildFile; fileRef = 3148E7B0967D4E8E8FFCFF65 /* PluginMediaStreamTrack.swift */; };
		9DFF73FA305B4F77801D303C /* GLKit.framework in Frameworks */ = {isa = PBXBuildFile; fileRef = E09D64767B2340F09CF91E8C /* GLKit.framework */; };
		A72338CA36A94BD9801E299C /* PluginMediaStreamRenderer.swift in Sources */ = {isa = PBXBuildFile; fileRef = 345CBDB1F18C41BC83C63DBE /* PluginMediaStreamRenderer.swift */; };
		BAA5034CC7354639B7C964C7 /* PluginRTCDTMFSender.swift in Sources */ = {isa = PBXBuildFile; fileRef = EDAFA83DA8124CA0A9A88584 /* PluginRTCDTMFSender.swift */; };
		C588CC05831D44A7A679ECE5 /* CoreAudio.framework in Frameworks */ = {isa = PBXBuildFile; fileRef = 919E58F382554A32AC54A40C /* CoreAudio.framework */; };
		D365BACD25A54675BBCD69A6 /* libc++.dylib in Frameworks */ = {isa = PBXBuildFile; fileRef = 678BBF6471F74A379124D2BF /* libc++.dylib */; };
		EA37C9D169494FAA804C5D64 /* CoreMedia.framework in Frameworks */ = {isa = PBXBuildFile; fileRef = 2900D53B41104FAB97F2E971 /* CoreMedia.framework */; };
		F0934CE2CA944C2EADCBD8F1 /* PluginMediaStream.swift in Sources */ = {isa = PBXBuildFile; fileRef = F82389A5AA264D36BD532526 /* PluginMediaStream.swift */; };
		F1C80202BDA34787BCA61F28 /* PluginRTCTypes.swift in Sources */ = {isa = PBXBuildFile; fileRef = 45A3C679EFDA409C9FE70A47 /* PluginRTCTypes.swift */; };
		D102E23884AD47848BA539B5 /* CDVBarcodeScanner.mm in Resources */ = {isa = PBXBuildFile; fileRef = 442BFCDB9FA249C98D187F61 /* CDVBarcodeScanner.mm */; settings = {COMPILER_FLAGS = "-fno-objc-arc"; }; };
		9BA01D9BAE504FD18BD0B20E /* zxing-all-in-one.cpp in Resources */ = {isa = PBXBuildFile; fileRef = 8B4F195A5FA84E5E8F5C0B8E /* zxing-all-in-one.cpp */; };
		8635806CF4284CF589405A16 /* scannerOverlay.xib in Resources */ = {isa = PBXBuildFile; fileRef = 40D750C61C3242BFBC635BB4 /* scannerOverlay.xib */; };
		372B89CC3EAE41A88CBD75A6 /* CDVBarcodeScanner.bundle in Resources */ = {isa = PBXBuildFile; fileRef = C00112E58A834440A85401F4 /* CDVBarcodeScanner.bundle */; };
		19F6A289CE9A4F97BA9E6508 /* libiconv.dylib in Frameworks */ = {isa = PBXBuildFile; fileRef = 3D320EE099B44E848B3D635C /* libiconv.dylib */; };
		43CA6B6256AA4F608F4AFF7B /* CoreImage.framework in Frameworks */ = {isa = PBXBuildFile; fileRef = 06E769085ACC4F0BA581D662 /* CoreImage.framework */; };
/* End PBXBuildFile section */

/* Begin PBXContainerItemProxy section */
		301BF534109A57CC0062928A /* PBXContainerItemProxy */ = {
			isa = PBXContainerItemProxy;
			containerPortal = 301BF52D109A57CC0062928A /* CordovaLib/CordovaLib.xcodeproj */;
			proxyType = 2;
			remoteGlobalIDString = D2AAC07E0554694100DB518D;
			remoteInfo = CordovaLib;
		};
		301BF550109A68C00062928A /* PBXContainerItemProxy */ = {
			isa = PBXContainerItemProxy;
			containerPortal = 301BF52D109A57CC0062928A /* CordovaLib/CordovaLib.xcodeproj */;
			proxyType = 1;
			remoteGlobalIDString = D2AAC07D0554694100DB518D;
			remoteInfo = CordovaLib;
		};
		A52C2BD9204827A900ECAF8C /* PBXContainerItemProxy */ = {
			isa = PBXContainerItemProxy;
			containerPortal = 301BF52D109A57CC0062928A /* CordovaLib/CordovaLib.xcodeproj */;
			proxyType = 2;
			remoteGlobalIDString = C0C01EB21E3911D50056E6CB;
			remoteInfo = Cordova;
		};
/* End PBXContainerItemProxy section */

/* Begin PBXFileReference section */
		0207DA571B56EA530066E2B4 /* Images.xcassets */ = {isa = PBXFileReference; lastKnownFileType = folder.assetcatalog; name = Images.xcassets; path = ExperimentCordovaBarcodescanner/Images.xcassets; sourceTree = SOURCE_ROOT; };
		173B25CDE8934DF88F81EA31 /* RTCAVFoundationVideoSource.h */ = {isa = PBXFileReference; explicitFileType = undefined; fileEncoding = 4; includeInIndex = 0; lastKnownFileType = sourcecode.c.h; name = RTCAVFoundationVideoSource.h; path = "cordova-plugin-iosrtc/RTCAVFoundationVideoSource.h"; sourceTree = "<group>"; };
		19689FE32BD44AF690A4BFAB /* RTCMediaConstraints.h */ = {isa = PBXFileReference; explicitFileType = undefined; fileEncoding = 4; includeInIndex = 0; lastKnownFileType = sourcecode.c.h; name = RTCMediaConstraints.h; path = "cordova-plugin-iosrtc/RTCMediaConstraints.h"; sourceTree = "<group>"; };
		1AC49780D6D5412EAC40D281 /* RTCEAGLVideoView.h */ = {isa = PBXFileReference; explicitFileType = undefined; fileEncoding = 4; includeInIndex = 0; lastKnownFileType = sourcecode.c.h; name = RTCEAGLVideoView.h; path = "cordova-plugin-iosrtc/RTCEAGLVideoView.h"; sourceTree = "<group>"; };
		1D3623240D0F684500981E51 /* AppDelegate.h */ = {isa = PBXFileReference; fileEncoding = 4; lastKnownFileType = sourcecode.c.h; path = AppDelegate.h; sourceTree = "<group>"; };
		1D3623250D0F684500981E51 /* AppDelegate.m */ = {isa = PBXFileReference; fileEncoding = 4; lastKnownFileType = sourcecode.c.objc; path = AppDelegate.m; sourceTree = "<group>"; };
		1D6058910D05DD3D006BFB54 /* ExperimentCordovaBarcodescanner.app */ = {isa = PBXFileReference; explicitFileType = wrapper.application; includeInIndex = 0; path = ExperimentCordovaBarcodescanner.app; sourceTree = BUILT_PRODUCTS_DIR; };
		1FCAAC6AC7AF400AAD18413C /* RTCICEServer.h */ = {isa = PBXFileReference; explicitFileType = undefined; fileEncoding = 4; includeInIndex = 0; lastKnownFileType = sourcecode.c.h; name = RTCICEServer.h; path = "cordova-plugin-iosrtc/RTCICEServer.h"; sourceTree = "<group>"; };
		225CE15FB03E415A8608BA9C /* RTCI420Frame.h */ = {isa = PBXFileReference; explicitFileType = undefined; fileEncoding = 4; includeInIndex = 0; lastKnownFileType = sourcecode.c.h; name = RTCI420Frame.h; path = "cordova-plugin-iosrtc/RTCI420Frame.h"; sourceTree = "<group>"; };
		24BC36F5B81649AD8E3DF08B /* RTCPeerConnectionFactory.h */ = {isa = PBXFileReference; explicitFileType = undefined; fileEncoding = 4; includeInIndex = 0; lastKnownFileType = sourcecode.c.h; name = RTCPeerConnectionFactory.h; path = "cordova-plugin-iosrtc/RTCPeerConnectionFactory.h"; sourceTree = "<group>"; };
		2816DD27F8A44C8E97D6AB6E /* PluginUtils.swift */ = {isa = PBXFileReference; explicitFileType = undefined; fileEncoding = 4; includeInIndex = 0; lastKnownFileType = sourcecode.swift; name = PluginUtils.swift; path = "cordova-plugin-iosrtc/PluginUtils.swift"; sourceTree = "<group>"; };
		2900D53B41104FAB97F2E971 /* CoreMedia.framework */ = {isa = PBXFileReference; explicitFileType = undefined; fileEncoding = 9; includeInIndex = 0; lastKnownFileType = wrapper.framework; name = CoreMedia.framework; path = System/Library/Frameworks/CoreMedia.framework; sourceTree = SDKROOT; };
		29B97316FDCFA39411CA2CEA /* main.m */ = {isa = PBXFileReference; fileEncoding = 4; lastKnownFileType = sourcecode.c.objc; path = main.m; sourceTree = "<group>"; };
		2C770AF0648D422983FD74E5 /* RTCVideoSource.h */ = {isa = PBXFileReference; explicitFileType = undefined; fileEncoding = 4; includeInIndex = 0; lastKnownFileType = sourcecode.c.h; name = RTCVideoSource.h; path = "cordova-plugin-iosrtc/RTCVideoSource.h"; sourceTree = "<group>"; };
		2EAB072EA6A148C7977E212C /* RTCICECandidate.h */ = {isa = PBXFileReference; explicitFileType = undefined; fileEncoding = 4; includeInIndex = 0; lastKnownFileType = sourcecode.c.h; name = RTCICECandidate.h; path = "cordova-plugin-iosrtc/RTCICECandidate.h"; sourceTree = "<group>"; };
		301BF52D109A57CC0062928A /* CordovaLib/CordovaLib.xcodeproj */ = {isa = PBXFileReference; lastKnownFileType = "wrapper.pb-project"; path = CordovaLib/CordovaLib.xcodeproj; sourceTree = "<group>"; };
		301BF56E109A69640062928A /* www */ = {isa = PBXFileReference; lastKnownFileType = folder; path = www; sourceTree = SOURCE_ROOT; };
		302D95EE14D2391D003F00A1 /* MainViewController.h */ = {isa = PBXFileReference; fileEncoding = 4; lastKnownFileType = sourcecode.c.h; path = MainViewController.h; sourceTree = "<group>"; };
		302D95EF14D2391D003F00A1 /* MainViewController.m */ = {isa = PBXFileReference; fileEncoding = 4; lastKnownFileType = sourcecode.c.objc; path = MainViewController.m; sourceTree = "<group>"; };
		302D95F014D2391D003F00A1 /* MainViewController.xib */ = {isa = PBXFileReference; fileEncoding = 4; lastKnownFileType = file.xib; path = MainViewController.xib; sourceTree = "<group>"; };
		3047A50F1AB8059700498E2A /* build-debug.xcconfig */ = {isa = PBXFileReference; fileEncoding = 4; lastKnownFileType = text.xcconfig; name = "build-debug.xcconfig"; path = "cordova/build-debug.xcconfig"; sourceTree = SOURCE_ROOT; };
		3047A5101AB8059700498E2A /* build-release.xcconfig */ = {isa = PBXFileReference; fileEncoding = 4; lastKnownFileType = text.xcconfig; name = "build-release.xcconfig"; path = "cordova/build-release.xcconfig"; sourceTree = SOURCE_ROOT; };
		3047A5111AB8059700498E2A /* build.xcconfig */ = {isa = PBXFileReference; fileEncoding = 4; lastKnownFileType = text.xcconfig; name = build.xcconfig; path = cordova/build.xcconfig; sourceTree = SOURCE_ROOT; };
		305CB48EEDFC4CA2AA305C4E /* RTCMediaStream.h */ = {isa = PBXFileReference; explicitFileType = undefined; fileEncoding = 4; includeInIndex = 0; lastKnownFileType = sourcecode.c.h; name = RTCMediaStream.h; path = "cordova-plugin-iosrtc/RTCMediaStream.h"; sourceTree = "<group>"; };
		3068BFA2872A477D88FA9967 /* RTCTypes.h */ = {isa = PBXFileReference; explicitFileType = undefined; fileEncoding = 4; includeInIndex = 0; lastKnownFileType = sourcecode.c.h; name = RTCTypes.h; path = "cordova-plugin-iosrtc/RTCTypes.h"; sourceTree = "<group>"; };
		3148E7B0967D4E8E8FFCFF65 /* PluginMediaStreamTrack.swift */ = {isa = PBXFileReference; explicitFileType = undefined; fileEncoding = 4; includeInIndex = 0; lastKnownFileType = sourcecode.swift; name = PluginMediaStreamTrack.swift; path = "cordova-plugin-iosrtc/PluginMediaStreamTrack.swift"; sourceTree = "<group>"; };
		32CA4F630368D1EE00C91783 /* ExperimentCordovaBarcodescanner-Prefix.pch */ = {isa = PBXFileReference; fileEncoding = 4; lastKnownFileType = sourcecode.c.h; path = "ExperimentCordovaBarcodescanner-Prefix.pch"; sourceTree = "<group>"; };
		345CBDB1F18C41BC83C63DBE /* PluginMediaStreamRenderer.swift */ = {isa = PBXFileReference; explicitFileType = undefined; fileEncoding = 4; includeInIndex = 0; lastKnownFileType = sourcecode.swift; name = PluginMediaStreamRenderer.swift; path = "cordova-plugin-iosrtc/PluginMediaStreamRenderer.swift"; sourceTree = "<group>"; };
		35A10C40696F4CD88CA20DE6 /* RTCSessionDescriptionDelegate.h */ = {isa = PBXFileReference; explicitFileType = undefined; fileEncoding = 4; includeInIndex = 0; lastKnownFileType = sourcecode.c.h; name = RTCSessionDescriptionDelegate.h; path = "cordova-plugin-iosrtc/RTCSessionDescriptionDelegate.h"; sourceTree = "<group>"; };
		36A5D939AC784925B0145368 /* libstdc++.dylib */ = {isa = PBXFileReference; explicitFileType = undefined; fileEncoding = 9; includeInIndex = 0; lastKnownFileType = "compiled.mach-o.dylib"; name = "libstdc++.dylib"; path = "usr/lib/libstdc++.dylib"; sourceTree = SDKROOT; };
		3A17CFBB81174A48AC787395 /* RTCPeerConnection.h */ = {isa = PBXFileReference; explicitFileType = undefined; fileEncoding = 4; includeInIndex = 0; lastKnownFileType = sourcecode.c.h; name = RTCPeerConnection.h; path = "cordova-plugin-iosrtc/RTCPeerConnection.h"; sourceTree = "<group>"; };
		45A3C679EFDA409C9FE70A47 /* PluginRTCTypes.swift */ = {isa = PBXFileReference; explicitFileType = undefined; fileEncoding = 4; includeInIndex = 0; lastKnownFileType = sourcecode.swift; name = PluginRTCTypes.swift; path = "cordova-plugin-iosrtc/PluginRTCTypes.swift"; sourceTree = "<group>"; };
		47215BDA0C9E45B2BA5DC1F9 /* iosrtcPlugin.swift */ = {isa = PBXFileReference; explicitFileType = undefined; fileEncoding = 4; includeInIndex = 0; lastKnownFileType = sourcecode.swift; name = iosrtcPlugin.swift; path = "cordova-plugin-iosrtc/iosrtcPlugin.swift"; sourceTree = "<group>"; };
		4766DFAF1AE844B6AE3D9F1D /* RTCOpenGLVideoRenderer.h */ = {isa = PBXFileReference; explicitFileType = undefined; fileEncoding = 4; includeInIndex = 0; lastKnownFileType = sourcecode.c.h; name = RTCOpenGLVideoRenderer.h; path = "cordova-plugin-iosrtc/RTCOpenGLVideoRenderer.h"; sourceTree = "<group>"; };
		4D673F152122401BADD6ECFF /* AVFoundation.framework */ = {isa = PBXFileReference; explicitFileType = undefined; fileEncoding = 9; includeInIndex = 0; lastKnownFileType = wrapper.framework; name = AVFoundation.framework; path = System/Library/Frameworks/AVFoundation.framework; sourceTree = SDKROOT; };
		51003800861341D5A8FBD26F /* RTCPeerConnectionDelegate.h */ = {isa = PBXFileReference; explicitFileType = undefined; fileEncoding = 4; includeInIndex = 0; lastKnownFileType = sourcecode.c.h; name = RTCPeerConnectionDelegate.h; path = "cordova-plugin-iosrtc/RTCPeerConnectionDelegate.h"; sourceTree = "<group>"; };
		5117CDCBFA464AD0B0E5CED2 /* RTCStatsDelegate.h */ = {isa = PBXFileReference; explicitFileType = undefined; fileEncoding = 4; includeInIndex = 0; lastKnownFileType = sourcecode.c.h; name = RTCStatsDelegate.h; path = "cordova-plugin-iosrtc/RTCStatsDelegate.h"; sourceTree = "<group>"; };
		5C135A0DBC6F4DB9A9728AC4 /* RTCPeerConnectionInterface.h */ = {isa = PBXFileReference; explicitFileType = undefined; fileEncoding = 4; includeInIndex = 0; lastKnownFileType = sourcecode.c.h; name = RTCPeerConnectionInterface.h; path = "cordova-plugin-iosrtc/RTCPeerConnectionInterface.h"; sourceTree = "<group>"; };
		5DD3C3499F714E54B546FBF7 /* RTCStatsReport.h */ = {isa = PBXFileReference; explicitFileType = undefined; fileEncoding = 4; includeInIndex = 0; lastKnownFileType = sourcecode.c.h; name = RTCStatsReport.h; path = "cordova-plugin-iosrtc/RTCStatsReport.h"; sourceTree = "<group>"; };
		64CD14BAF512424483E128A5 /* RTCMediaStreamTrack.h */ = {isa = PBXFileReference; explicitFileType = undefined; fileEncoding = 4; includeInIndex = 0; lastKnownFileType = sourcecode.c.h; name = RTCMediaStreamTrack.h; path = "cordova-plugin-iosrtc/RTCMediaStreamTrack.h"; sourceTree = "<group>"; };
		678BBF6471F74A379124D2BF /* libc++.dylib */ = {isa = PBXFileReference; explicitFileType = undefined; fileEncoding = 9; includeInIndex = 0; lastKnownFileType = "compiled.mach-o.dylib"; name = "libc++.dylib"; path = "usr/lib/libc++.dylib"; sourceTree = SDKROOT; };
		6A1B91613B31468BABF5F356 /* libz.tbd */ = {isa = PBXFileReference; explicitFileType = undefined; fileEncoding = 9; includeInIndex = 0; lastKnownFileType = "sourcecode.text-based-dylib-definition"; name = libz.tbd; path = usr/lib/libz.tbd; sourceTree = SDKROOT; };
		6AFF5BF81D6E424B00AB3073 /* CDVLaunchScreen.storyboard */ = {isa = PBXFileReference; fileEncoding = 4; lastKnownFileType = file.storyboard; name = CDVLaunchScreen.storyboard; path = ExperimentCordovaBarcodescanner/CDVLaunchScreen.storyboard; sourceTree = SOURCE_ROOT; };
		707BC7BB3715438EBCB86C60 /* OpenGLES.framework */ = {isa = PBXFileReference; explicitFileType = undefined; fileEncoding = 9; includeInIndex = 0; lastKnownFileType = wrapper.framework; name = OpenGLES.framework; path = System/Library/Frameworks/OpenGLES.framework; sourceTree = SDKROOT; };
		750AC948303144088F1976F6 /* RTCVideoCapturer.h */ = {isa = PBXFileReference; explicitFileType = undefined; fileEncoding = 4; includeInIndex = 0; lastKnownFileType = sourcecode.c.h; name = RTCVideoCapturer.h; path = "cordova-plugin-iosrtc/RTCVideoCapturer.h"; sourceTree = "<group>"; };
		831B8D768A1B42BAB4D9D40F /* CoreLocation.framework */ = {isa = PBXFileReference; explicitFileType = undefined; fileEncoding = 9; includeInIndex = 0; lastKnownFileType = wrapper.framework; name = CoreLocation.framework; path = System/Library/Frameworks/CoreLocation.framework; sourceTree = SDKROOT; };
		86FFFDDCE8ED45D79870D56E /* RTCAudioTrack.h */ = {isa = PBXFileReference; explicitFileType = undefined; fileEncoding = 4; includeInIndex = 0; lastKnownFileType = sourcecode.c.h; name = RTCAudioTrack.h; path = "cordova-plugin-iosrtc/RTCAudioTrack.h"; sourceTree = "<group>"; };
		8D1107310486CEB800E47090 /* ExperimentCordovaBarcodescanner-Info.plist */ = {isa = PBXFileReference; fileEncoding = 4; lastKnownFileType = text.plist.xml; name = "ExperimentCordovaBarcodescanner-Info.plist"; path = "ExperimentCordovaBarcodescanner/ExperimentCordovaBarcodescanner-Info.plist"; plistStructureDefinitionIdentifier = "com.apple.xcode.plist.structure-definition.iphone.info-plist"; sourceTree = SOURCE_ROOT; };
		919E58F382554A32AC54A40C /* CoreAudio.framework */ = {isa = PBXFileReference; explicitFileType = undefined; fileEncoding = 9; includeInIndex = 0; lastKnownFileType = wrapper.framework; name = CoreAudio.framework; path = System/Library/Frameworks/CoreAudio.framework; sourceTree = SDKROOT; };
		9564A7AC1268436D8284D207 /* RTCVideoTrack.h */ = {isa = PBXFileReference; explicitFileType = undefined; fileEncoding = 4; includeInIndex = 0; lastKnownFileType = sourcecode.c.h; name = RTCVideoTrack.h; path = "cordova-plugin-iosrtc/RTCVideoTrack.h"; sourceTree = "<group>"; };
		9C3F89F47C26408E8709FF34 /* RTCMediaSource.h */ = {isa = PBXFileReference; explicitFileType = undefined; fileEncoding = 4; includeInIndex = 0; lastKnownFileType = sourcecode.c.h; name = RTCMediaSource.h; path = "cordova-plugin-iosrtc/RTCMediaSource.h"; sourceTree = "<group>"; };
		9DD56A373DE34B6A9523744F /* PluginRTCPeerConnection.swift */ = {isa = PBXFileReference; explicitFileType = undefined; fileEncoding = 4; includeInIndex = 0; lastKnownFileType = sourcecode.swift; name = PluginRTCPeerConnection.swift; path = "cordova-plugin-iosrtc/PluginRTCPeerConnection.swift"; sourceTree = "<group>"; };
		9EB9F2A9BC044BF99E2CE2A7 /* VideoToolbox.framework */ = {isa = PBXFileReference; explicitFileType = undefined; fileEncoding = 9; includeInIndex = 0; lastKnownFileType = wrapper.framework; name = VideoToolbox.framework; path = System/Library/Frameworks/VideoToolbox.framework; sourceTree = SDKROOT; };
		9ECCC8DED7BA4F089D392EE3 /* PluginGetUserMedia.swift */ = {isa = PBXFileReference; explicitFileType = undefined; fileEncoding = 4; includeInIndex = 0; lastKnownFileType = sourcecode.swift; name = PluginGetUserMedia.swift; path = "cordova-plugin-iosrtc/PluginGetUserMedia.swift"; sourceTree = "<group>"; };
		A24EF8E982CD46C39E36600E /* RTCPair.h */ = {isa = PBXFileReference; explicitFileType = undefined; fileEncoding = 4; includeInIndex = 0; lastKnownFileType = sourcecode.c.h; name = RTCPair.h; path = "cordova-plugin-iosrtc/RTCPair.h"; sourceTree = "<group>"; };
		A2789C69BC60486CAD3EFE96 /* RTCNSGLVideoView.h */ = {isa = PBXFileReference; explicitFileType = undefined; fileEncoding = 4; includeInIndex = 0; lastKnownFileType = sourcecode.c.h; name = RTCNSGLVideoView.h; path = "cordova-plugin-iosrtc/RTCNSGLVideoView.h"; sourceTree = "<group>"; };
		A42590053DF949179A341CC2 /* libWebRTC-LATEST-Universal-Release.a */ = {isa = PBXFileReference; explicitFileType = undefined; fileEncoding = 9; includeInIndex = 0; lastKnownFileType = archive.ar; name = "libWebRTC-LATEST-Universal-Release.a"; path = "ExperimentCordovaBarcodescanner/Plugins/cordova-plugin-iosrtc/libWebRTC-LATEST-Universal-Release.a"; sourceTree = "<group>"; };
		B5970E2629DC48AEAB720060 /* AudioToolbox.framework */ = {isa = PBXFileReference; explicitFileType = undefined; fileEncoding = 9; includeInIndex = 0; lastKnownFileType = wrapper.framework; name = AudioToolbox.framework; path = System/Library/Frameworks/AudioToolbox.framework; sourceTree = SDKROOT; };
		B7442BA12F994D4BA8A1199D /* PluginRTCPeerConnectionConfig.swift */ = {isa = PBXFileReference; explicitFileType = undefined; fileEncoding = 4; includeInIndex = 0; lastKnownFileType = sourcecode.swift; name = PluginRTCPeerConnectionConfig.swift; path = "cordova-plugin-iosrtc/PluginRTCPeerConnectionConfig.swift"; sourceTree = "<group>"; };
		C0C242A25C3543939AD410EE /* RTCLogging.h */ = {isa = PBXFileReference; explicitFileType = undefined; fileEncoding = 4; includeInIndex = 0; lastKnownFileType = sourcecode.c.h; name = RTCLogging.h; path = "cordova-plugin-iosrtc/RTCLogging.h"; sourceTree = "<group>"; };
		C3CF5373240745AEAEE66367 /* QuartzCore.framework */ = {isa = PBXFileReference; explicitFileType = undefined; fileEncoding = 9; includeInIndex = 0; lastKnownFileType = wrapper.framework; name = QuartzCore.framework; path = System/Library/Frameworks/QuartzCore.framework; sourceTree = SDKROOT; };
		CA2550EFD3724041833F8A9F /* cordova-plugin-iosrtc-Bridging-Header.h */ = {isa = PBXFileReference; explicitFileType = undefined; fileEncoding = 4; includeInIndex = 0; lastKnownFileType = sourcecode.c.h; name = "cordova-plugin-iosrtc-Bridging-Header.h"; path = "cordova-plugin-iosrtc/cordova-plugin-iosrtc-Bridging-Header.h"; sourceTree = "<group>"; };
		D2EC4ACDC00145EBA9FE4E1D /* RTCAudioSource.h */ = {isa = PBXFileReference; explicitFileType = undefined; fileEncoding = 4; includeInIndex = 0; lastKnownFileType = sourcecode.c.h; name = RTCAudioSource.h; path = "cordova-plugin-iosrtc/RTCAudioSource.h"; sourceTree = "<group>"; };
		D40E4041700F44078E3F58F7 /* CDVDevice.m */ = {isa = PBXFileReference; explicitFileType = undefined; fileEncoding = 4; includeInIndex = 0; lastKnownFileType = sourcecode.c.objc; name = CDVDevice.m; path = "cordova-plugin-device/CDVDevice.m"; sourceTree = "<group>"; };
		E09D64767B2340F09CF91E8C /* GLKit.framework */ = {isa = PBXFileReference; explicitFileType = undefined; fileEncoding = 9; includeInIndex = 0; lastKnownFileType = wrapper.framework; name = GLKit.framework; path = System/Library/Frameworks/GLKit.framework; sourceTree = SDKROOT; };
		E0A0C835ACBF4CC0A74BF2B3 /* RTCVideoRenderer.h */ = {isa = PBXFileReference; explicitFileType = undefined; fileEncoding = 4; includeInIndex = 0; lastKnownFileType = sourcecode.c.h; name = RTCVideoRenderer.h; path = "cordova-plugin-iosrtc/RTCVideoRenderer.h"; sourceTree = "<group>"; };
		E3ABCAC220604C60B227E785 /* RTCFileLogger.h */ = {isa = PBXFileReference; explicitFileType = undefined; fileEncoding = 4; includeInIndex = 0; lastKnownFileType = sourcecode.c.h; name = RTCFileLogger.h; path = "cordova-plugin-iosrtc/RTCFileLogger.h"; sourceTree = "<group>"; };
		E3E4CEEBEDDC4609A139D9A6 /* RTCDTMFSender.h */ = {isa = PBXFileReference; explicitFileType = undefined; fileEncoding = 4; includeInIndex = 0; lastKnownFileType = sourcecode.c.h; name = RTCDTMFSender.h; path = "cordova-plugin-iosrtc/RTCDTMFSender.h"; sourceTree = "<group>"; };
		E5C56830CCCD405B8A387DD3 /* CDVDevice.h */ = {isa = PBXFileReference; explicitFileType = undefined; fileEncoding = 4; includeInIndex = 0; lastKnownFileType = sourcecode.c.h; name = CDVDevice.h; path = "cordova-plugin-device/CDVDevice.h"; sourceTree = "<group>"; };
		E6CD55F589424A2494DCB57B /* PluginRTCPeerConnectionConstraints.swift */ = {isa = PBXFileReference; explicitFileType = undefined; fileEncoding = 4; includeInIndex = 0; lastKnownFileType = sourcecode.swift; name = PluginRTCPeerConnectionConstraints.swift; path = "cordova-plugin-iosrtc/PluginRTCPeerConnectionConstraints.swift"; sourceTree = "<group>"; };
		E9C168A2873348658C4D974D /* CoreVideo.framework */ = {isa = PBXFileReference; explicitFileType = undefined; fileEncoding = 9; includeInIndex = 0; lastKnownFileType = wrapper.framework; name = CoreVideo.framework; path = System/Library/Frameworks/CoreVideo.framework; sourceTree = SDKROOT; };
		EB87FDF31871DA8E0020F90C /* www */ = {isa = PBXFileReference; lastKnownFileType = folder; name = www; path = ../../www; sourceTree = "<group>"; };
		EB87FDF41871DAF40020F90C /* config.xml */ = {isa = PBXFileReference; lastKnownFileType = text.xml; name = config.xml; path = ../../config.xml; sourceTree = "<group>"; };
		ED33DF2A687741AEAF9F8254 /* Bridging-Header.h */ = {isa = PBXFileReference; fileEncoding = 4; lastKnownFileType = sourcecode.c.h; path = "Bridging-Header.h"; sourceTree = "<group>"; };
		EDAFA83DA8124CA0A9A88584 /* PluginRTCDTMFSender.swift */ = {isa = PBXFileReference; explicitFileType = undefined; fileEncoding = 4; includeInIndex = 0; lastKnownFileType = sourcecode.swift; name = PluginRTCDTMFSender.swift; path = "cordova-plugin-iosrtc/PluginRTCDTMFSender.swift"; sourceTree = "<group>"; };
		F51C79EBE2B04322A5B525D7 /* RTCSessionDescription.h */ = {isa = PBXFileReference; explicitFileType = undefined; fileEncoding = 4; includeInIndex = 0; lastKnownFileType = sourcecode.c.h; name = RTCSessionDescription.h; path = "cordova-plugin-iosrtc/RTCSessionDescription.h"; sourceTree = "<group>"; };
		F6ECD47C466A4B44BFDC9390 /* RTCDataChannel.h */ = {isa = PBXFileReference; explicitFileType = undefined; fileEncoding = 4; includeInIndex = 0; lastKnownFileType = sourcecode.c.h; name = RTCDataChannel.h; path = "cordova-plugin-iosrtc/RTCDataChannel.h"; sourceTree = "<group>"; };
		F82389A5AA264D36BD532526 /* PluginMediaStream.swift */ = {isa = PBXFileReference; explicitFileType = undefined; fileEncoding = 4; includeInIndex = 0; lastKnownFileType = sourcecode.swift; name = PluginMediaStream.swift; path = "cordova-plugin-iosrtc/PluginMediaStream.swift"; sourceTree = "<group>"; };
		F840E1F0165FE0F500CFE078 /* config.xml */ = {isa = PBXFileReference; lastKnownFileType = text.xml; name = config.xml; path = ExperimentCordovaBarcodescanner/config.xml; sourceTree = "<group>"; };
		F8AF33C8212745D3AE534C4D /* libsqlite3.0.dylib */ = {isa = PBXFileReference; explicitFileType = undefined; fileEncoding = 9; includeInIndex = 0; lastKnownFileType = "compiled.mach-o.dylib"; name = libsqlite3.0.dylib; path = usr/lib/libsqlite3.0.dylib; sourceTree = SDKROOT; };
		F9095595AC6B4909B78EF71E /* PluginEnumerateDevices.swift */ = {isa = PBXFileReference; explicitFileType = undefined; fileEncoding = 4; includeInIndex = 0; lastKnownFileType = sourcecode.swift; name = PluginEnumerateDevices.swift; path = "cordova-plugin-iosrtc/PluginEnumerateDevices.swift"; sourceTree = "<group>"; };
		FBD9BAF5E588465DA7DDA810 /* PluginRTCDataChannel.swift */ = {isa = PBXFileReference; explicitFileType = undefined; fileEncoding = 4; includeInIndex = 0; lastKnownFileType = sourcecode.swift; name = PluginRTCDataChannel.swift; path = "cordova-plugin-iosrtc/PluginRTCDataChannel.swift"; sourceTree = "<group>"; };
		442BFCDB9FA249C98D187F61 /* CDVBarcodeScanner.mm */ = {isa = PBXFileReference; name = "CDVBarcodeScanner.mm"; path = "phonegap-plugin-barcodescanner/CDVBarcodeScanner.mm"; sourceTree = "<group>"; fileEncoding = undefined; lastKnownFileType = unknown; explicitFileType = undefined; includeInIndex = 0; };
		8B4F195A5FA84E5E8F5C0B8E /* zxing-all-in-one.cpp */ = {isa = PBXFileReference; name = "zxing-all-in-one.cpp"; path = "phonegap-plugin-barcodescanner/zxing-all-in-one.cpp"; sourceTree = "<group>"; fileEncoding = undefined; lastKnownFileType = unknown; explicitFileType = undefined; includeInIndex = 0; };
		3A6A720E2E614B12B4F305EE /* zxing-all-in-one.h */ = {isa = PBXFileReference; name = "zxing-all-in-one.h"; path = "phonegap-plugin-barcodescanner/zxing-all-in-one.h"; sourceTree = "<group>"; fileEncoding = 4; lastKnownFileType = sourcecode.c.h; explicitFileType = undefined; includeInIndex = 0; };
		40D750C61C3242BFBC635BB4 /* scannerOverlay.xib */ = {isa = PBXFileReference; name = "scannerOverlay.xib"; path = "scannerOverlay.xib"; sourceTree = "<group>"; fileEncoding = undefined; lastKnownFileType = file.xib; explicitFileType = undefined; includeInIndex = 0; };
		C00112E58A834440A85401F4 /* CDVBarcodeScanner.bundle */ = {isa = PBXFileReference; name = "CDVBarcodeScanner.bundle"; path = "CDVBarcodeScanner.bundle"; sourceTree = "<group>"; fileEncoding = undefined; lastKnownFileType = wrapper.plug-in; explicitFileType = undefined; includeInIndex = 0; };
		3D320EE099B44E848B3D635C /* libiconv.dylib */ = {isa = PBXFileReference; name = "libiconv.dylib"; path = "usr/lib/libiconv.dylib"; sourceTree = SDKROOT; fileEncoding = undefined; lastKnownFileType = compiled.mach-o.dylib; explicitFileType = undefined; includeInIndex = 0; };
		06E769085ACC4F0BA581D662 /* CoreImage.framework */ = {isa = PBXFileReference; name = "CoreImage.framework"; path = "System/Library/Frameworks/CoreImage.framework"; sourceTree = SDKROOT; fileEncoding = undefined; lastKnownFileType = wrapper.framework; explicitFileType = undefined; includeInIndex = 0; };
/* End PBXFileReference section */

/* Begin PBXFrameworksBuildPhase section */
		1D60588F0D05DD3D006BFB54 /* Frameworks */ = {
			isa = PBXFrameworksBuildPhase;
			buildActionMask = 2147483647;
			files = (
				301BF552109A68D80062928A /* libCordova.a in Frameworks */,
				787F97B9053D47DC8D36EEF5 /* libz.tbd in Frameworks */,
				3EFAE1769DF4441E8F8FB0AD /* libWebRTC-LATEST-Universal-Release.a in Frameworks */,
				6AD36EE83A77465CA198B266 /* AVFoundation.framework in Frameworks */,
				EA37C9D169494FAA804C5D64 /* CoreMedia.framework in Frameworks */,
				9DFF73FA305B4F77801D303C /* GLKit.framework in Frameworks */,
				4BBA41FB422147AEAD0F66C3 /* OpenGLES.framework in Frameworks */,
				17445D8E1D6B4886B9828097 /* CoreVideo.framework in Frameworks */,
				C588CC05831D44A7A679ECE5 /* CoreAudio.framework in Frameworks */,
				8EC38903D70748DDB1166F72 /* QuartzCore.framework in Frameworks */,
				40B7A4F40E51479F9AC6ABA2 /* CoreLocation.framework in Frameworks */,
				1541CA7726024A0A9B8D871B /* AudioToolbox.framework in Frameworks */,
				D365BACD25A54675BBCD69A6 /* libc++.dylib in Frameworks */,
				0F3641F28B50459BAA34CB36 /* libstdc++.dylib in Frameworks */,
				30D9AF666C574ECFAD8FF149 /* libsqlite3.0.dylib in Frameworks */,
				690A867F80C848AB96444E62 /* VideoToolbox.framework in Frameworks */,
				19F6A289CE9A4F97BA9E6508 /* libiconv.dylib in Frameworks */,
				43CA6B6256AA4F608F4AFF7B /* CoreImage.framework in Frameworks */,
			);
			runOnlyForDeploymentPostprocessing = 0;
		};
/* End PBXFrameworksBuildPhase section */

/* Begin PBXGroup section */
		080E96DDFE201D6D7F000001 /* Classes */ = {
			isa = PBXGroup;
			children = (
				302D95EE14D2391D003F00A1 /* MainViewController.h */,
				302D95EF14D2391D003F00A1 /* MainViewController.m */,
				302D95F014D2391D003F00A1 /* MainViewController.xib */,
				1D3623240D0F684500981E51 /* AppDelegate.h */,
				1D3623250D0F684500981E51 /* AppDelegate.m */,
			);
			name = Classes;
			path = ExperimentCordovaBarcodescanner/Classes;
			sourceTree = SOURCE_ROOT;
		};
		19C28FACFE9D520D11CA2CBB /* Products */ = {
			isa = PBXGroup;
			children = (
				1D6058910D05DD3D006BFB54 /* ExperimentCordovaBarcodescanner.app */,
			);
			name = Products;
			sourceTree = "<group>";
		};
		29B97314FDCFA39411CA2CEA /* CustomTemplate */ = {
			isa = PBXGroup;
			children = (
				EB87FDF41871DAF40020F90C /* config.xml */,
				EB87FDF31871DA8E0020F90C /* www */,
				EB87FDF11871DA420020F90C /* Staging */,
				301BF52D109A57CC0062928A /* CordovaLib/CordovaLib.xcodeproj */,
				080E96DDFE201D6D7F000001 /* Classes */,
				307C750510C5A3420062BCA9 /* Plugins */,
				29B97315FDCFA39411CA2CEA /* Other Sources */,
				29B97317FDCFA39411CA2CEA /* Resources */,
				29B97323FDCFA39411CA2CEA /* Frameworks */,
				19C28FACFE9D520D11CA2CBB /* Products */,
			);
			name = CustomTemplate;
			sourceTree = "<group>";
		};
		29B97315FDCFA39411CA2CEA /* Other Sources */ = {
			isa = PBXGroup;
			children = (
				32CA4F630368D1EE00C91783 /* ExperimentCordovaBarcodescanner-Prefix.pch */,
				29B97316FDCFA39411CA2CEA /* main.m */,
				ED33DF2A687741AEAF9F8254 /* Bridging-Header.h */,
			);
			name = "Other Sources";
			path = ExperimentCordovaBarcodescanner;
			sourceTree = "<group>";
		};
		29B97317FDCFA39411CA2CEA /* Resources */ = {
			isa = PBXGroup;
			children = (
				0207DA571B56EA530066E2B4 /* Images.xcassets */,
				3047A50E1AB8057F00498E2A /* config */,
				8D1107310486CEB800E47090 /* ExperimentCordovaBarcodescanner-Info.plist */,
				6AFF5BF81D6E424B00AB3073 /* CDVLaunchScreen.storyboard */,
				40D750C61C3242BFBC635BB4 /* scannerOverlay.xib */,
				C00112E58A834440A85401F4 /* CDVBarcodeScanner.bundle */,
			);
			name = Resources;
			path = ExperimentCordovaBarcodescanner/Resources;
			sourceTree = "<group>";
		};
		29B97323FDCFA39411CA2CEA /* Frameworks */ = {
			isa = PBXGroup;
			children = (
				6A1B91613B31468BABF5F356 /* libz.tbd */,
				A42590053DF949179A341CC2 /* libWebRTC-LATEST-Universal-Release.a */,
				4D673F152122401BADD6ECFF /* AVFoundation.framework */,
				2900D53B41104FAB97F2E971 /* CoreMedia.framework */,
				E09D64767B2340F09CF91E8C /* GLKit.framework */,
				707BC7BB3715438EBCB86C60 /* OpenGLES.framework */,
				E9C168A2873348658C4D974D /* CoreVideo.framework */,
				919E58F382554A32AC54A40C /* CoreAudio.framework */,
				C3CF5373240745AEAEE66367 /* QuartzCore.framework */,
				831B8D768A1B42BAB4D9D40F /* CoreLocation.framework */,
				B5970E2629DC48AEAB720060 /* AudioToolbox.framework */,
				678BBF6471F74A379124D2BF /* libc++.dylib */,
				36A5D939AC784925B0145368 /* libstdc++.dylib */,
				F8AF33C8212745D3AE534C4D /* libsqlite3.0.dylib */,
				9EB9F2A9BC044BF99E2CE2A7 /* VideoToolbox.framework */,
				3D320EE099B44E848B3D635C /* libiconv.dylib */,
				06E769085ACC4F0BA581D662 /* CoreImage.framework */,
			);
			name = Frameworks;
			sourceTree = "<group>";
		};
		301BF52E109A57CC0062928A /* Products */ = {
			isa = PBXGroup;
			children = (
				301BF535109A57CC0062928A /* libCordova.a */,
				A52C2BDA204827A900ECAF8C /* Cordova.framework */,
			);
			name = Products;
			sourceTree = "<group>";
		};
		3047A50E1AB8057F00498E2A /* config */ = {
			isa = PBXGroup;
			children = (
				3047A50F1AB8059700498E2A /* build-debug.xcconfig */,
				3047A5101AB8059700498E2A /* build-release.xcconfig */,
				3047A5111AB8059700498E2A /* build.xcconfig */,
			);
			name = config;
			sourceTree = "<group>";
		};
		307C750510C5A3420062BCA9 /* Plugins */ = {
			isa = PBXGroup;
			children = (
				D40E4041700F44078E3F58F7 /* CDVDevice.m */,
				E5C56830CCCD405B8A387DD3 /* CDVDevice.h */,
				47215BDA0C9E45B2BA5DC1F9 /* iosrtcPlugin.swift */,
				45A3C679EFDA409C9FE70A47 /* PluginRTCTypes.swift */,
				9DD56A373DE34B6A9523744F /* PluginRTCPeerConnection.swift */,
				B7442BA12F994D4BA8A1199D /* PluginRTCPeerConnectionConfig.swift */,
				E6CD55F589424A2494DCB57B /* PluginRTCPeerConnectionConstraints.swift */,
				FBD9BAF5E588465DA7DDA810 /* PluginRTCDataChannel.swift */,
				EDAFA83DA8124CA0A9A88584 /* PluginRTCDTMFSender.swift */,
				F82389A5AA264D36BD532526 /* PluginMediaStream.swift */,
				3148E7B0967D4E8E8FFCFF65 /* PluginMediaStreamTrack.swift */,
				9ECCC8DED7BA4F089D392EE3 /* PluginGetUserMedia.swift */,
				F9095595AC6B4909B78EF71E /* PluginEnumerateDevices.swift */,
				2816DD27F8A44C8E97D6AB6E /* PluginUtils.swift */,
				345CBDB1F18C41BC83C63DBE /* PluginMediaStreamRenderer.swift */,
				173B25CDE8934DF88F81EA31 /* RTCAVFoundationVideoSource.h */,
				D2EC4ACDC00145EBA9FE4E1D /* RTCAudioSource.h */,
				86FFFDDCE8ED45D79870D56E /* RTCAudioTrack.h */,
				F6ECD47C466A4B44BFDC9390 /* RTCDataChannel.h */,
				E3E4CEEBEDDC4609A139D9A6 /* RTCDTMFSender.h */,
				1AC49780D6D5412EAC40D281 /* RTCEAGLVideoView.h */,
				E3ABCAC220604C60B227E785 /* RTCFileLogger.h */,
				225CE15FB03E415A8608BA9C /* RTCI420Frame.h */,
				2EAB072EA6A148C7977E212C /* RTCICECandidate.h */,
				1FCAAC6AC7AF400AAD18413C /* RTCICEServer.h */,
				C0C242A25C3543939AD410EE /* RTCLogging.h */,
				19689FE32BD44AF690A4BFAB /* RTCMediaConstraints.h */,
				9C3F89F47C26408E8709FF34 /* RTCMediaSource.h */,
				305CB48EEDFC4CA2AA305C4E /* RTCMediaStream.h */,
				64CD14BAF512424483E128A5 /* RTCMediaStreamTrack.h */,
				A2789C69BC60486CAD3EFE96 /* RTCNSGLVideoView.h */,
				4766DFAF1AE844B6AE3D9F1D /* RTCOpenGLVideoRenderer.h */,
				A24EF8E982CD46C39E36600E /* RTCPair.h */,
				3A17CFBB81174A48AC787395 /* RTCPeerConnection.h */,
				51003800861341D5A8FBD26F /* RTCPeerConnectionDelegate.h */,
				24BC36F5B81649AD8E3DF08B /* RTCPeerConnectionFactory.h */,
				5C135A0DBC6F4DB9A9728AC4 /* RTCPeerConnectionInterface.h */,
				F51C79EBE2B04322A5B525D7 /* RTCSessionDescription.h */,
				35A10C40696F4CD88CA20DE6 /* RTCSessionDescriptionDelegate.h */,
				5117CDCBFA464AD0B0E5CED2 /* RTCStatsDelegate.h */,
				5DD3C3499F714E54B546FBF7 /* RTCStatsReport.h */,
				3068BFA2872A477D88FA9967 /* RTCTypes.h */,
				750AC948303144088F1976F6 /* RTCVideoCapturer.h */,
				E0A0C835ACBF4CC0A74BF2B3 /* RTCVideoRenderer.h */,
				2C770AF0648D422983FD74E5 /* RTCVideoSource.h */,
				9564A7AC1268436D8284D207 /* RTCVideoTrack.h */,
				CA2550EFD3724041833F8A9F /* cordova-plugin-iosrtc-Bridging-Header.h */,
				442BFCDB9FA249C98D187F61 /* CDVBarcodeScanner.mm */,
				8B4F195A5FA84E5E8F5C0B8E /* zxing-all-in-one.cpp */,
				3A6A720E2E614B12B4F305EE /* zxing-all-in-one.h */,
			);
			name = Plugins;
			path = ExperimentCordovaBarcodescanner/Plugins;
			sourceTree = SOURCE_ROOT;
		};
		EB87FDF11871DA420020F90C /* Staging */ = {
			isa = PBXGroup;
			children = (
				F840E1F0165FE0F500CFE078 /* config.xml */,
				301BF56E109A69640062928A /* www */,
			);
			name = Staging;
			sourceTree = "<group>";
		};
/* End PBXGroup section */

/* Begin PBXNativeTarget section */
		1D6058900D05DD3D006BFB54 /* ExperimentCordovaBarcodescanner */ = {
			isa = PBXNativeTarget;
			buildConfigurationList = 1D6058960D05DD3E006BFB54 /* Build configuration list for PBXNativeTarget "ExperimentCordovaBarcodescanner" */;
			buildPhases = (
				304B58A110DAC018002A0835 /* Copy www directory */,
				1D60588D0D05DD3D006BFB54 /* Resources */,
				1D60588E0D05DD3D006BFB54 /* Sources */,
				1D60588F0D05DD3D006BFB54 /* Frameworks */,
			);
			buildRules = (
			);
			dependencies = (
				301BF551109A68C00062928A /* PBXTargetDependency */,
			);
			name = ExperimentCordovaBarcodescanner;
			productName = ExperimentCordovaBarcodescanner;
			productReference = 1D6058910D05DD3D006BFB54 /* ExperimentCordovaBarcodescanner.app */;
			productType = "com.apple.product-type.application";
		};
/* End PBXNativeTarget section */

/* Begin PBXProject section */
		29B97313FDCFA39411CA2CEA /* Project object */ = {
			isa = PBXProject;
			attributes = {
				LastUpgradeCheck = 510;
				TargetAttributes = {
					1D6058900D05DD3D006BFB54 = {
						DevelopmentTeam = KS62L6P772;
						ProvisioningStyle = Automatic;
					};
				};
			};
			buildConfigurationList = C01FCF4E08A954540054247B /* Build configuration list for PBXProject "ExperimentCordovaBarcodescanner" */;
			compatibilityVersion = "Xcode 3.2";
			developmentRegion = English;
			hasScannedForEncodings = 1;
			knownRegions = (
				en,
			);
			mainGroup = 29B97314FDCFA39411CA2CEA /* CustomTemplate */;
			projectDirPath = "";
			projectReferences = (
				{
					ProductGroup = 301BF52E109A57CC0062928A /* Products */;
					ProjectRef = 301BF52D109A57CC0062928A /* CordovaLib/CordovaLib.xcodeproj */;
				},
			);
			projectRoot = "";
			targets = (
				1D6058900D05DD3D006BFB54 /* ExperimentCordovaBarcodescanner */,
			);
		};
/* End PBXProject section */

/* Begin PBXReferenceProxy section */
		301BF535109A57CC0062928A /* libCordova.a */ = {
			isa = PBXReferenceProxy;
			fileType = archive.ar;
			path = libCordova.a;
			remoteRef = 301BF534109A57CC0062928A /* PBXContainerItemProxy */;
			sourceTree = BUILT_PRODUCTS_DIR;
		};
		A52C2BDA204827A900ECAF8C /* Cordova.framework */ = {
			isa = PBXReferenceProxy;
			fileType = wrapper.framework;
			path = Cordova.framework;
			remoteRef = A52C2BD9204827A900ECAF8C /* PBXContainerItemProxy */;
			sourceTree = BUILT_PRODUCTS_DIR;
		};
/* End PBXReferenceProxy section */

/* Begin PBXResourcesBuildPhase section */
		1D60588D0D05DD3D006BFB54 /* Resources */ = {
			isa = PBXResourcesBuildPhase;
			buildActionMask = 2147483647;
			files = (
				302D95F214D2391D003F00A1 /* MainViewController.xib in Resources */,
				0207DA581B56EA530066E2B4 /* Images.xcassets in Resources */,
				6AFF5BF91D6E424B00AB3073 /* CDVLaunchScreen.storyboard in Resources */,
				8635806CF4284CF589405A16 /* scannerOverlay.xib in Resources */,
				372B89CC3EAE41A88CBD75A6 /* CDVBarcodeScanner.bundle in Resources */,
			);
			runOnlyForDeploymentPostprocessing = 0;
		};
/* End PBXResourcesBuildPhase section */

/* Begin PBXShellScriptBuildPhase section */
		304B58A110DAC018002A0835 /* Copy www directory */ = {
			isa = PBXShellScriptBuildPhase;
			buildActionMask = 2147483647;
			files = (
			);
			inputPaths = (
			);
			name = "Copy www directory";
			outputPaths = (
			);
			runOnlyForDeploymentPostprocessing = 0;
			shellPath = /bin/sh;
			shellScript = "NODEJS_PATH=/usr/local/bin; NVM_NODE_PATH=~/.nvm/versions/node/`nvm version 2>/dev/null`/bin; N_NODE_PATH=`find /usr/local/n/versions/node/* -maxdepth 0 -type d 2>/dev/null | tail -1`/bin; XCODE_NODE_PATH=`xcode-select --print-path`/usr/share/xcs/Node/bin; PATH=$NODEJS_PATH:$NVM_NODE_PATH:$N_NODE_PATH:$XCODE_NODE_PATH:$PATH && node cordova/lib/copy-www-build-step.js";
			showEnvVarsInLog = 0;
		};
/* End PBXShellScriptBuildPhase section */

/* Begin PBXSourcesBuildPhase section */
		1D60588E0D05DD3D006BFB54 /* Sources */ = {
			isa = PBXSourcesBuildPhase;
			buildActionMask = 2147483647;
			files = (
				1D60589B0D05DD56006BFB54 /* main.m in Sources */,
				1D3623260D0F684500981E51 /* AppDelegate.m in Sources */,
				302D95F114D2391D003F00A1 /* MainViewController.m in Sources */,
				6BCC0423EBEC4379A8D29E0A /* CDVDevice.m in Sources */,
				478E23E0EE7F47DCB8016227 /* iosrtcPlugin.swift in Sources */,
				F1C80202BDA34787BCA61F28 /* PluginRTCTypes.swift in Sources */,
				6D1954F41B4E439A973B0CFA /* PluginRTCPeerConnection.swift in Sources */,
				1C6CF8A791CC427FA545EEBE /* PluginRTCPeerConnectionConfig.swift in Sources */,
				5A5D20FB824248C8AF45A391 /* PluginRTCPeerConnectionConstraints.swift in Sources */,
				05A771FBD8F248F6BE2CA535 /* PluginRTCDataChannel.swift in Sources */,
				BAA5034CC7354639B7C964C7 /* PluginRTCDTMFSender.swift in Sources */,
				F0934CE2CA944C2EADCBD8F1 /* PluginMediaStream.swift in Sources */,
				96C7B514A60A448A89B93A19 /* PluginMediaStreamTrack.swift in Sources */,
				3CF2A639FC5942AFADF6EF5F /* PluginGetUserMedia.swift in Sources */,
				80998FF7B2A343E586228F2D /* PluginEnumerateDevices.swift in Sources */,
				46FD450236574D1281C83401 /* PluginUtils.swift in Sources */,
				A72338CA36A94BD9801E299C /* PluginMediaStreamRenderer.swift in Sources */,
				D102E23884AD47848BA539B5 /* CDVBarcodeScanner.mm in Resources */,
				9BA01D9BAE504FD18BD0B20E /* zxing-all-in-one.cpp in Resources */,
			);
			runOnlyForDeploymentPostprocessing = 0;
		};
/* End PBXSourcesBuildPhase section */

/* Begin PBXTargetDependency section */
		301BF551109A68C00062928A /* PBXTargetDependency */ = {
			isa = PBXTargetDependency;
			name = CordovaLib;
			targetProxy = 301BF550109A68C00062928A /* PBXContainerItemProxy */;
		};
/* End PBXTargetDependency section */

/* Begin XCBuildConfiguration section */
		1D6058940D05DD3E006BFB54 /* Debug */ = {
			isa = XCBuildConfiguration;
			baseConfigurationReference = 3047A50F1AB8059700498E2A /* build-debug.xcconfig */;
			buildSettings = {
				ALWAYS_EMBED_SWIFT_STANDARD_LIBRARIES = YES;
				ALWAYS_SEARCH_USER_PATHS = NO;
				ASSETCATALOG_COMPILER_APPICON_NAME = AppIcon;
				ASSETCATALOG_COMPILER_LAUNCHIMAGE_NAME = LaunchImage;
				CLANG_ENABLE_MODULES = YES;
				CLANG_ENABLE_OBJC_ARC = YES;
				CODE_SIGN_IDENTITY = "iPhone Developer";
				"CODE_SIGN_IDENTITY[sdk=iphoneos*]" = "iPhone Developer";
				CODE_SIGN_STYLE = Automatic;
				COPY_PHASE_STRIP = NO;
				DEVELOPMENT_TEAM = KS62L6P772;
				ENABLE_BITCODE = NO;
				GCC_DYNAMIC_NO_PIC = NO;
				GCC_OPTIMIZATION_LEVEL = 0;
				GCC_PRECOMPILE_PREFIX_HEADER = YES;
				GCC_PREFIX_HEADER = "ExperimentCordovaBarcodescanner/ExperimentCordovaBarcodescanner-Prefix.pch";
				GCC_THUMB_SUPPORT = NO;
				GCC_VERSION = "";
				INFOPLIST_FILE = "ExperimentCordovaBarcodescanner/ExperimentCordovaBarcodescanner-Info.plist";
				IPHONEOS_DEPLOYMENT_TARGET = 9.0;
				LD_RUNPATH_SEARCH_PATHS = "@executable_path/Frameworks";
				LIBRARY_SEARCH_PATHS = (
					"$(inherited)",
					"\"$(SRCROOT)/ExperimentCordovaBarcodescanner/Plugins/cordova-plugin-iosrtc\"",
				);
				PRODUCT_NAME = ExperimentCordovaBarcodescanner;
				PROVISIONING_PROFILE = "";
				PROVISIONING_PROFILE_SPECIFIER = "";
				SWIFT_OBJC_BRIDGING_HEADER = "ExperimentCordovaBarcodescanner/Plugins/cordova-plugin-iosrtc/cordova-plugin-iosrtc-Bridging-Header.h";
				SWIFT_VERSION = 3.0;
				TARGETED_DEVICE_FAMILY = "1,2";
			};
			name = Debug;
		};
		1D6058950D05DD3E006BFB54 /* Release */ = {
			isa = XCBuildConfiguration;
			baseConfigurationReference = 3047A5101AB8059700498E2A /* build-release.xcconfig */;
			buildSettings = {
				ALWAYS_EMBED_SWIFT_STANDARD_LIBRARIES = YES;
				ALWAYS_SEARCH_USER_PATHS = NO;
				ASSETCATALOG_COMPILER_APPICON_NAME = AppIcon;
				ASSETCATALOG_COMPILER_LAUNCHIMAGE_NAME = LaunchImage;
				CLANG_ENABLE_MODULES = YES;
				CLANG_ENABLE_OBJC_ARC = YES;
				CODE_SIGN_IDENTITY = "iPhone Developer";
				"CODE_SIGN_IDENTITY[sdk=iphoneos*]" = "iPhone Developer";
				CODE_SIGN_STYLE = Automatic;
				COPY_PHASE_STRIP = YES;
				DEVELOPMENT_TEAM = KS62L6P772;
				ENABLE_BITCODE = NO;
				GCC_PRECOMPILE_PREFIX_HEADER = YES;
				GCC_PREFIX_HEADER = "ExperimentCordovaBarcodescanner/ExperimentCordovaBarcodescanner-Prefix.pch";
				GCC_THUMB_SUPPORT = NO;
				GCC_VERSION = "";
				INFOPLIST_FILE = "ExperimentCordovaBarcodescanner/ExperimentCordovaBarcodescanner-Info.plist";
				IPHONEOS_DEPLOYMENT_TARGET = 9.0;
				LD_RUNPATH_SEARCH_PATHS = "@executable_path/Frameworks";
				LIBRARY_SEARCH_PATHS = (
					"$(inherited)",
					"\"$(SRCROOT)/ExperimentCordovaBarcodescanner/Plugins/cordova-plugin-iosrtc\"",
				);
				PRODUCT_NAME = ExperimentCordovaBarcodescanner;
				PROVISIONING_PROFILE = "";
				PROVISIONING_PROFILE_SPECIFIER = "";
				SWIFT_OBJC_BRIDGING_HEADER = "ExperimentCordovaBarcodescanner/Plugins/cordova-plugin-iosrtc/cordova-plugin-iosrtc-Bridging-Header.h";
				SWIFT_VERSION = 3.0;
				TARGETED_DEVICE_FAMILY = "1,2";
			};
			name = Release;
		};
		C01FCF4F08A954540054247B /* Debug */ = {
			isa = XCBuildConfiguration;
			baseConfigurationReference = 3047A5111AB8059700498E2A /* build.xcconfig */;
			buildSettings = {
				CLANG_ENABLE_MODULES = YES;
				CLANG_ENABLE_OBJC_ARC = YES;
				CLANG_WARN_BOOL_CONVERSION = YES;
				CLANG_WARN_CONSTANT_CONVERSION = YES;
				CLANG_WARN_EMPTY_BODY = YES;
				CLANG_WARN_ENUM_CONVERSION = YES;
				CLANG_WARN_INT_CONVERSION = YES;
				CLANG_WARN__DUPLICATE_METHOD_MATCH = YES;
				ENABLE_BITCODE = NO;
				GCC_C_LANGUAGE_STANDARD = c99;
				GCC_THUMB_SUPPORT = NO;
				GCC_VERSION = "";
				GCC_WARN_ABOUT_RETURN_TYPE = YES;
				GCC_WARN_UNDECLARED_SELECTOR = YES;
				GCC_WARN_UNINITIALIZED_AUTOS = YES;
				GCC_WARN_UNUSED_FUNCTION = YES;
				GCC_WARN_UNUSED_VARIABLE = YES;
				IPHONEOS_DEPLOYMENT_TARGET = 9.0;
				LD_RUNPATH_SEARCH_PATHS = "@executable_path/Frameworks";
				ONLY_ACTIVE_ARCH = YES;
				SDKROOT = iphoneos;
				SKIP_INSTALL = NO;
				SWIFT_OBJC_BRIDGING_HEADER = "ExperimentCordovaBarcodescanner/Plugins/cordova-plugin-iosrtc/cordova-plugin-iosrtc-Bridging-Header.h";
				SWIFT_VERSION = 3.0;
			};
			name = Debug;
		};
		C01FCF5008A954540054247B /* Release */ = {
			isa = XCBuildConfiguration;
			baseConfigurationReference = 3047A5111AB8059700498E2A /* build.xcconfig */;
			buildSettings = {
				CLANG_ENABLE_MODULES = YES;
				CLANG_ENABLE_OBJC_ARC = YES;
				CLANG_WARN_BOOL_CONVERSION = YES;
				CLANG_WARN_CONSTANT_CONVERSION = YES;
				CLANG_WARN_EMPTY_BODY = YES;
				CLANG_WARN_ENUM_CONVERSION = YES;
				CLANG_WARN_INT_CONVERSION = YES;
				CLANG_WARN__DUPLICATE_METHOD_MATCH = YES;
				ENABLE_BITCODE = NO;
				GCC_C_LANGUAGE_STANDARD = c99;
				GCC_THUMB_SUPPORT = NO;
				GCC_VERSION = "";
				GCC_WARN_ABOUT_RETURN_TYPE = YES;
				GCC_WARN_UNDECLARED_SELECTOR = YES;
				GCC_WARN_UNINITIALIZED_AUTOS = YES;
				GCC_WARN_UNUSED_FUNCTION = YES;
				GCC_WARN_UNUSED_VARIABLE = YES;
				IPHONEOS_DEPLOYMENT_TARGET = 9.0;
				LD_RUNPATH_SEARCH_PATHS = "@executable_path/Frameworks";
				SDKROOT = iphoneos;
				SKIP_INSTALL = NO;
				SWIFT_OBJC_BRIDGING_HEADER = "ExperimentCordovaBarcodescanner/Plugins/cordova-plugin-iosrtc/cordova-plugin-iosrtc-Bridging-Header.h";
				SWIFT_VERSION = 3.0;
			};
			name = Release;
		};
/* End XCBuildConfiguration section */

/* Begin XCConfigurationList section */
		1D6058960D05DD3E006BFB54 /* Build configuration list for PBXNativeTarget "ExperimentCordovaBarcodescanner" */ = {
			isa = XCConfigurationList;
			buildConfigurations = (
				1D6058940D05DD3E006BFB54 /* Debug */,
				1D6058950D05DD3E006BFB54 /* Release */,
			);
			defaultConfigurationIsVisible = 0;
			defaultConfigurationName = Release;
		};
		C01FCF4E08A954540054247B /* Build configuration list for PBXProject "ExperimentCordovaBarcodescanner" */ = {
			isa = XCConfigurationList;
			buildConfigurations = (
				C01FCF4F08A954540054247B /* Debug */,
				C01FCF5008A954540054247B /* Release */,
			);
			defaultConfigurationIsVisible = 0;
			defaultConfigurationName = Release;
		};
/* End XCConfigurationList section */
	};
	rootObject = 29B97313FDCFA39411CA2CEA /* Project object */;
}
